# This file is automatically @generated by Cargo.
# It is not intended for manual editing.
version = 4

[[package]]
name = "app-hello"
version = "0.1.0"
dependencies = [
 "catcard-app",
]

[[package]]
name = "app-probe"
version = "0.1.0"
dependencies = [
 "catcard-app",
]

[[package]]
name = "app-spin"
version = "0.1.0"
dependencies = [
 "catcard-app",
]

[[package]]
name = "catcard-app"
version = "7.0.0"
